
Microsoft Visual Studio Solution File, Format Version 12.00
# Visual Studio Version 16
VisualStudioVersion = 16.0.31129.286
MinimumVisualStudioVersion = 10.0.40219.1
Project("{FAE04EC0-301F-11D3-BF4B-00C04F79EFBC}") = "RunningSum1DArray", "RunningSum1DArray\RunningSum1DArray.csproj", "{7B1CDAAB-4751-4261-A271-9BC004411682}"
EndProject
Global
	GlobalSection(SolutionConfigurationPlatforms) = preSolution
		Debug|Any CPU = Debug|Any CPU
		Release|Any CPU = Release|Any CPU
	EndGlobalSection
	GlobalSection(ProjectConfigurationPlatforms) = postSolution
		{7B1CDAAB-4751-4261-A271-9BC004411682}.Debug|Any CPU.ActiveCfg = Debug|Any CPU
		{7B1CDAAB-4751-4261-A271-9BC004411682}.Debug|Any CPU.Build.0 = Debug|Any CPU
		{7B1CDAAB-4751-4261-A271-9BC004411682}.Release|Any CPU.ActiveCfg = Release|Any CPU
		{7B1CDAAB-4751-4261-A271-9BC004411682}.Release|Any CPU.Build.0 = Release|Any CPU
	EndGlobalSection
	GlobalSection(SolutionProperties) = preSolution
		HideSolutionNode = FALSE
	EndGlobalSection
	GlobalSection(ExtensibilityGlobals) = postSolution
		SolutionGuid = {C4682705-3FBA-4626-9A64-8161262A7F62}
	EndGlobalSection
EndGlobal
